// !$*UTF8*$!
{
	archiveVersion = 1;
	classes = {
	};
	objectVersion = 50;
	objects = {

/* Begin PBXBuildFile section */
		03552B6D23F9850600A83C6E /* AppDelegate.swift in Sources */ = {isa = PBXBuildFile; fileRef = 03552B6C23F9850600A83C6E /* AppDelegate.swift */; };
		03552B6F23F9850600A83C6E /* SceneDelegate.swift in Sources */ = {isa = PBXBuildFile; fileRef = 03552B6E23F9850600A83C6E /* SceneDelegate.swift */; };
		03552B7123F9850600A83C6E /* ContentView.swift in Sources */ = {isa = PBXBuildFile; fileRef = 03552B7023F9850600A83C6E /* ContentView.swift */; };
		03552B7323F9850900A83C6E /* Assets.xcassets in Resources */ = {isa = PBXBuildFile; fileRef = 03552B7223F9850900A83C6E /* Assets.xcassets */; };
		03552B7623F9850900A83C6E /* Preview Assets.xcassets in Resources */ = {isa = PBXBuildFile; fileRef = 03552B7523F9850900A83C6E /* Preview Assets.xcassets */; };
		03552B7923F9850900A83C6E /* LaunchScreen.storyboard in Resources */ = {isa = PBXBuildFile; fileRef = 03552B7723F9850900A83C6E /* LaunchScreen.storyboard */; };
		03552B8123F9860000A83C6E /* Countries.json in Resources */ = {isa = PBXBuildFile; fileRef = 03552B8023F9860000A83C6E /* Countries.json */; };
		03552B8523F9950100A83C6E /* CountryDataStructure.swift in Sources */ = {isa = PBXBuildFile; fileRef = 03552B8423F9950100A83C6E /* CountryDataStructure.swift */; };
		03552B8723F998B000A83C6E /* JSONDataLoader.swift in Sources */ = {isa = PBXBuildFile; fileRef = 03552B8623F998B000A83C6E /* JSONDataLoader.swift */; };
		03552B8923F99D9700A83C6E /* AllCountriesCapitals.swift in Sources */ = {isa = PBXBuildFile; fileRef = 03552B8823F99D9700A83C6E /* AllCountriesCapitals.swift */; };
		03552B8B23FBE9BC00A83C6E /* MapView.swift in Sources */ = {isa = PBXBuildFile; fileRef = 03552B8A23FBE9BC00A83C6E /* MapView.swift */; };
		03552B8F23FDCBC500A83C6E /* Menu.swift in Sources */ = {isa = PBXBuildFile; fileRef = 03552B8E23FDCBC500A83C6E /* Menu.swift */; };
		03552B9123FE581B00A83C6E /* FlagGameView.swift in Sources */ = {isa = PBXBuildFile; fileRef = 03552B9023FE581B00A83C6E /* FlagGameView.swift */; };
		03EF375F24008F4A00B04E6A /* PlaySound.swift in Sources */ = {isa = PBXBuildFile; fileRef = 03EF375E24008F4A00B04E6A /* PlaySound.swift */; };
		03EF37612401942D00B04E6A /* WebViewLoader.swift in Sources */ = {isa = PBXBuildFile; fileRef = 03EF37602401942D00B04E6A /* WebViewLoader.swift */; };
		03EF3763240196B100B04E6A /* TestWebView.swift in Sources */ = {isa = PBXBuildFile; fileRef = 03EF3762240196B100B04E6A /* TestWebView.swift */; };
/* End PBXBuildFile section */

/* Begin PBXFileReference section */
		03552B6923F9850600A83C6E /* CountryCapitals.app */ = {isa = PBXFileReference; explicitFileType = wrapper.application; includeInIndex = 0; path = CountryCapitals.app; sourceTree = BUILT_PRODUCTS_DIR; };
		03552B6C23F9850600A83C6E /* AppDelegate.swift */ = {isa = PBXFileReference; lastKnownFileType = sourcecode.swift; path = AppDelegate.swift; sourceTree = "<group>"; };
		03552B6E23F9850600A83C6E /* SceneDelegate.swift */ = {isa = PBXFileReference; lastKnownFileType = sourcecode.swift; path = SceneDelegate.swift; sourceTree = "<group>"; };
		03552B7023F9850600A83C6E /* ContentView.swift */ = {isa = PBXFileReference; lastKnownFileType = sourcecode.swift; path = ContentView.swift; sourceTree = "<group>"; };
		03552B7223F9850900A83C6E /* Assets.xcassets */ = {isa = PBXFileReference; lastKnownFileType = folder.assetcatalog; path = Assets.xcassets; sourceTree = "<group>"; };
		03552B7523F9850900A83C6E /* Preview Assets.xcassets */ = {isa = PBXFileReference; lastKnownFileType = folder.assetcatalog; path = "Preview Assets.xcassets"; sourceTree = "<group>"; };
		03552B7823F9850900A83C6E /* Base */ = {isa = PBXFileReference; lastKnownFileType = file.storyboard; name = Base; path = Base.lproj/LaunchScreen.storyboard; sourceTree = "<group>"; };
		03552B7A23F9850900A83C6E /* Info.plist */ = {isa = PBXFileReference; lastKnownFileType = text.plist.xml; path = Info.plist; sourceTree = "<group>"; };
		03552B8023F9860000A83C6E /* Countries.json */ = {isa = PBXFileReference; fileEncoding = 4; lastKnownFileType = text.json; path = Countries.json; sourceTree = "<group>"; };
		03552B8423F9950100A83C6E /* CountryDataStructure.swift */ = {isa = PBXFileReference; lastKnownFileType = sourcecode.swift; path = CountryDataStructure.swift; sourceTree = "<group>"; };
		03552B8623F998B000A83C6E /* JSONDataLoader.swift */ = {isa = PBXFileReference; lastKnownFileType = sourcecode.swift; path = JSONDataLoader.swift; sourceTree = "<group>"; };
		03552B8823F99D9700A83C6E /* AllCountriesCapitals.swift */ = {isa = PBXFileReference; lastKnownFileType = sourcecode.swift; path = AllCountriesCapitals.swift; sourceTree = "<group>"; };
		03552B8A23FBE9BC00A83C6E /* MapView.swift */ = {isa = PBXFileReference; lastKnownFileType = sourcecode.swift; path = MapView.swift; sourceTree = "<group>"; };
		03552B8E23FDCBC500A83C6E /* Menu.swift */ = {isa = PBXFileReference; lastKnownFileType = sourcecode.swift; path = Menu.swift; sourceTree = "<group>"; };
		03552B9023FE581B00A83C6E /* FlagGameView.swift */ = {isa = PBXFileReference; lastKnownFileType = sourcecode.swift; path = FlagGameView.swift; sourceTree = "<group>"; };
		03EF375E24008F4A00B04E6A /* PlaySound.swift */ = {isa = PBXFileReference; lastKnownFileType = sourcecode.swift; path = PlaySound.swift; sourceTree = "<group>"; };
		03EF37602401942D00B04E6A /* WebViewLoader.swift */ = {isa = PBXFileReference; lastKnownFileType = sourcecode.swift; path = WebViewLoader.swift; sourceTree = "<group>"; };
		03EF3762240196B100B04E6A /* TestWebView.swift */ = {isa = PBXFileReference; lastKnownFileType = sourcecode.swift; path = TestWebView.swift; sourceTree = "<group>"; };
/* End PBXFileReference section */

/* Begin PBXFrameworksBuildPhase section */
		03552B6623F9850600A83C6E /* Frameworks */ = {
			isa = PBXFrameworksBuildPhase;
			buildActionMask = 2147483647;
			files = (
			);
			runOnlyForDeploymentPostprocessing = 0;
		};
/* End PBXFrameworksBuildPhase section */

/* Begin PBXGroup section */
		03552B6023F9850600A83C6E = {
			isa = PBXGroup;
			children = (
				03552B6B23F9850600A83C6E /* CountryCapitals */,
				03552B6A23F9850600A83C6E /* Products */,
			);
			sourceTree = "<group>";
		};
		03552B6A23F9850600A83C6E /* Products */ = {
			isa = PBXGroup;
			children = (
				03552B6923F9850600A83C6E /* CountryCapitals.app */,
			);
			name = Products;
			sourceTree = "<group>";
		};
		03552B6B23F9850600A83C6E /* CountryCapitals */ = {
			isa = PBXGroup;
			children = (
				03552B8023F9860000A83C6E /* Countries.json */,
				03552B8323F9865200A83C6E /* Views */,
				03552B8223F9864700A83C6E /* Models */,
				03552B6C23F9850600A83C6E /* AppDelegate.swift */,
				03552B6E23F9850600A83C6E /* SceneDelegate.swift */,
				03552B7023F9850600A83C6E /* ContentView.swift */,
				03552B7223F9850900A83C6E /* Assets.xcassets */,
				03552B7723F9850900A83C6E /* LaunchScreen.storyboard */,
				03552B7A23F9850900A83C6E /* Info.plist */,
				03552B7423F9850900A83C6E /* Preview Content */,
			);
			path = CountryCapitals;
			sourceTree = "<group>";
		};
		03552B7423F9850900A83C6E /* Preview Content */ = {
			isa = PBXGroup;
			children = (
				03552B7523F9850900A83C6E /* Preview Assets.xcassets */,
			);
			path = "Preview Content";
			sourceTree = "<group>";
		};
		03552B8223F9864700A83C6E /* Models */ = {
			isa = PBXGroup;
			children = (
				03552B8423F9950100A83C6E /* CountryDataStructure.swift */,
				03552B8623F998B000A83C6E /* JSONDataLoader.swift */,
				03552B8A23FBE9BC00A83C6E /* MapView.swift */,
				03552B8E23FDCBC500A83C6E /* Menu.swift */,
				03EF375E24008F4A00B04E6A /* PlaySound.swift */,
				03EF37602401942D00B04E6A /* WebViewLoader.swift */,
			);
			path = Models;
			sourceTree = "<group>";
		};
		03552B8323F9865200A83C6E /* Views */ = {
			isa = PBXGroup;
			children = (
				03552B8823F99D9700A83C6E /* AllCountriesCapitals.swift */,
				03552B9023FE581B00A83C6E /* FlagGameView.swift */,
				03EF3762240196B100B04E6A /* TestWebView.swift */,
			);
			path = Views;
			sourceTree = "<group>";
		};
/* End PBXGroup section */

/* Begin PBXNativeTarget section */
		03552B6823F9850600A83C6E /* CountryCapitals */ = {
			isa = PBXNativeTarget;
			buildConfigurationList = 03552B7D23F9850900A83C6E /* Build configuration list for PBXNativeTarget "CountryCapitals" */;
			buildPhases = (
				03552B6523F9850600A83C6E /* Sources */,
				03552B6623F9850600A83C6E /* Frameworks */,
				03552B6723F9850600A83C6E /* Resources */,
			);
			buildRules = (
			);
			dependencies = (
			);
			name = CountryCapitals;
			productName = CountryCapitals;
			productReference = 03552B6923F9850600A83C6E /* CountryCapitals.app */;
			productType = "com.apple.product-type.application";
		};
/* End PBXNativeTarget section */

/* Begin PBXProject section */
		03552B6123F9850600A83C6E /* Project object */ = {
			isa = PBXProject;
			attributes = {
				LastSwiftUpdateCheck = 1130;
				LastUpgradeCheck = 1130;
				ORGANIZATIONNAME = "Ufuoma Okoro";
				TargetAttributes = {
					03552B6823F9850600A83C6E = {
						CreatedOnToolsVersion = 11.3.1;
					};
				};
			};
			buildConfigurationList = 03552B6423F9850600A83C6E /* Build configuration list for PBXProject "CountryCapitals" */;
			compatibilityVersion = "Xcode 9.3";
			developmentRegion = en;
			hasScannedForEncodings = 0;
			knownRegions = (
				en,
				Base,
			);
			mainGroup = 03552B6023F9850600A83C6E;
			productRefGroup = 03552B6A23F9850600A83C6E /* Products */;
			projectDirPath = "";
			projectRoot = "";
			targets = (
				03552B6823F9850600A83C6E /* CountryCapitals */,
			);
		};
/* End PBXProject section */

/* Begin PBXResourcesBuildPhase section */
		03552B6723F9850600A83C6E /* Resources */ = {
			isa = PBXResourcesBuildPhase;
			buildActionMask = 2147483647;
			files = (
				03552B7923F9850900A83C6E /* LaunchScreen.storyboard in Resources */,
				03552B8123F9860000A83C6E /* Countries.json in Resources */,
				03552B7623F9850900A83C6E /* Preview Assets.xcassets in Resources */,
				03552B7323F9850900A83C6E /* Assets.xcassets in Resources */,
			);
			runOnlyForDeploymentPostprocessing = 0;
		};
/* End PBXResourcesBuildPhase section */

/* Begin PBXSourcesBuildPhase section */
		03552B6523F9850600A83C6E /* Sources */ = {
			isa = PBXSourcesBuildPhase;
			buildActionMask = 2147483647;
			files = (
				03552B8B23FBE9BC00A83C6E /* MapView.swift in Sources */,
				03552B8523F9950100A83C6E /* CountryDataStructure.swift in Sources */,
				03EF37612401942D00B04E6A /* WebViewLoader.swift in Sources */,
				03552B6D23F9850600A83C6E /* AppDelegate.swift in Sources */,
				03552B6F23F9850600A83C6E /* SceneDelegate.swift in Sources */,
				03552B7123F9850600A83C6E /* ContentView.swift in Sources */,
				03EF375F24008F4A00B04E6A /* PlaySound.swift in Sources */,
				03552B9123FE581B00A83C6E /* FlagGameView.swift in Sources */,
				03552B8F23FDCBC500A83C6E /* Menu.swift in Sources */,
				03EF3763240196B100B04E6A /* TestWebView.swift in Sources */,
				03552B8723F998B000A83C6E /* JSONDataLoader.swift in Sources */,
				03552B8923F99D9700A83C6E /* AllCountriesCapitals.swift in Sources */,
			);
			runOnlyForDeploymentPostprocessing = 0;
		};
/* End PBXSourcesBuildPhase section */

/* Begin PBXVariantGroup section */
		03552B7723F9850900A83C6E /* LaunchScreen.storyboard */ = {
			isa = PBXVariantGroup;
			children = (
				03552B7823F9850900A83C6E /* Base */,
			);
			name = LaunchScreen.storyboard;
			sourceTree = "<group>";
		};
/* End PBXVariantGroup section */

/* Begin XCBuildConfiguration section */
		03552B7B23F9850900A83C6E /* Debug */ = {
			isa = XCBuildConfiguration;
			buildSettings = {
				ALWAYS_SEARCH_USER_PATHS = NO;
				CLANG_ANALYZER_NONNULL = YES;
				CLANG_ANALYZER_NUMBER_OBJECT_CONVERSION = YES_AGGRESSIVE;
				CLANG_CXX_LANGUAGE_STANDARD = "gnu++14";
				CLANG_CXX_LIBRARY = "libc++";
				CLANG_ENABLE_MODULES = YES;
				CLANG_ENABLE_OBJC_ARC = YES;
				CLANG_ENABLE_OBJC_WEAK = YES;
				CLANG_WARN_BLOCK_CAPTURE_AUTORELEASING = YES;
				CLANG_WARN_BOOL_CONVERSION = YES;
				CLANG_WARN_COMMA = YES;
				CLANG_WARN_CONSTANT_CONVERSION = YES;
				CLANG_WARN_DEPRECATED_OBJC_IMPLEMENTATIONS = YES;
				CLANG_WARN_DIRECT_OBJC_ISA_USAGE = YES_ERROR;
				CLANG_WARN_DOCUMENTATION_COMMENTS = YES;
				CLANG_WARN_EMPTY_BODY = YES;
				CLANG_WARN_ENUM_CONVERSION = YES;
				CLANG_WARN_INFINITE_RECURSION = YES;
				CLANG_WARN_INT_CONVERSION = YES;
				CLANG_WARN_NON_LITERAL_NULL_CONVERSION = YES;
				CLANG_WARN_OBJC_IMPLICIT_RETAIN_SELF = YES;
				CLANG_WARN_OBJC_LITERAL_CONVERSION = YES;
				CLANG_WARN_OBJC_ROOT_CLASS = YES_ERROR;
				CLANG_WARN_RANGE_LOOP_ANALYSIS = YES;
				CLANG_WARN_STRICT_PROTOTYPES = YES;
				CLANG_WARN_SUSPICIOUS_MOVE = YES;
				CLANG_WARN_UNGUARDED_AVAILABILITY = YES_AGGRESSIVE;
				CLANG_WARN_UNREACHABLE_CODE = YES;
				CLANG_WARN__DUPLICATE_METHOD_MATCH = YES;
				COPY_PHASE_STRIP = NO;
				DEBUG_INFORMATION_FORMAT = dwarf;
				ENABLE_STRICT_OBJC_MSGSEND = YES;
				ENABLE_TESTABILITY = YES;
				GCC_C_LANGUAGE_STANDARD = gnu11;
				GCC_DYNAMIC_NO_PIC = NO;
				GCC_NO_COMMON_BLOCKS = YES;
				GCC_OPTIMIZATION_LEVEL = 0;
				GCC_PREPROCESSOR_DEFINITIONS = (
					"DEBUG=1",
					"$(inherited)",
				);
				GCC_WARN_64_TO_32_BIT_CONVERSION = YES;
				GCC_WARN_ABOUT_RETURN_TYPE = YES_ERROR;
				GCC_WARN_UNDECLARED_SELECTOR = YES;
				GCC_WARN_UNINITIALIZED_AUTOS = YES_AGGRESSIVE;
				GCC_WARN_UNUSED_FUNCTION = YES;
				GCC_WARN_UNUSED_VARIABLE = YES;
				IPHONEOS_DEPLOYMENT_TARGET = 13.2;
				MTL_ENABLE_DEBUG_INFO = INCLUDE_SOURCE;
				MTL_FAST_MATH = YES;
				ONLY_ACTIVE_ARCH = YES;
				SDKROOT = iphoneos;
				SWIFT_ACTIVE_COMPILATION_CONDITIONS = DEBUG;
				SWIFT_OPTIMIZATION_LEVEL = "-Onone";
			};
			name = Debug;
		};
		03552B7C23F9850900A83C6E /* Release */ = {
			isa = XCBuildConfiguration;
			buildSettings = {
				ALWAYS_SEARCH_USER_PATHS = NO;
				CLANG_ANALYZER_NONNULL = YES;
				CLANG_ANALYZER_NUMBER_OBJECT_CONVERSION = YES_AGGRESSIVE;
				CLANG_CXX_LANGUAGE_STANDARD = "gnu++14";
				CLANG_CXX_LIBRARY = "libc++";
				CLANG_ENABLE_MODULES = YES;
				CLANG_ENABLE_OBJC_ARC = YES;
				CLANG_ENABLE_OBJC_WEAK = YES;
				CLANG_WARN_BLOCK_CAPTURE_AUTORELEASING = YES;
				CLANG_WARN_BOOL_CONVERSION = YES;
				CLANG_WARN_COMMA = YES;
				CLANG_WARN_CONSTANT_CONVERSION = YES;
				CLANG_WARN_DEPRECATED_OBJC_IMPLEMENTATIONS = YES;
				CLANG_WARN_DIRECT_OBJC_ISA_USAGE = YES_ERROR;
				CLANG_WARN_DOCUMENTATION_COMMENTS = YES;
				CLANG_WARN_EMPTY_BODY = YES;
				CLANG_WARN_ENUM_CONVERSION = YES;
				CLANG_WARN_INFINITE_RECURSION = YES;
				CLANG_WARN_INT_CONVERSION = YES;
				CLANG_WARN_NON_LITERAL_NULL_CONVERSION = YES;
				CLANG_WARN_OBJC_IMPLICIT_RETAIN_SELF = YES;
				CLANG_WARN_OBJC_LITERAL_CONVERSION = YES;
				CLANG_WARN_OBJC_ROOT_CLASS = YES_ERROR;
				CLANG_WARN_RANGE_LOOP_ANALYSIS = YES;
				CLANG_WARN_STRICT_PROTOTYPES = YES;
				CLANG_WARN_SUSPICIOUS_MOVE = YES;
				CLANG_WARN_UNGUARDED_AVAILABILITY = YES_AGGRESSIVE;
				CLANG_WARN_UNREACHABLE_CODE = YES;
				CLANG_WARN__DUPLICATE_METHOD_MATCH = YES;
				COPY_PHASE_STRIP = NO;
				DEBUG_INFORMATION_FORMAT = "dwarf-with-dsym";
				ENABLE_NS_ASSERTIONS = NO;
				ENABLE_STRICT_OBJC_MSGSEND = YES;
				GCC_C_LANGUAGE_STANDARD = gnu11;
				GCC_NO_COMMON_BLOCKS = YES;
				GCC_WARN_64_TO_32_BIT_CONVERSION = YES;
				GCC_WARN_ABOUT_RETURN_TYPE = YES_ERROR;
				GCC_WARN_UNDECLARED_SELECTOR = YES;
				GCC_WARN_UNINITIALIZED_AUTOS = YES_AGGRESSIVE;
				GCC_WARN_UNUSED_FUNCTION = YES;
				GCC_WARN_UNUSED_VARIABLE = YES;
				IPHONEOS_DEPLOYMENT_TARGET = 13.2;
				MTL_ENABLE_DEBUG_INFO = NO;
				MTL_FAST_MATH = YES;
				SDKROOT = iphoneos;
				SWIFT_COMPILATION_MODE = wholemodule;
				SWIFT_OPTIMIZATION_LEVEL = "-O";
				VALIDATE_PRODUCT = YES;
			};
			name = Release;
		};
		03552B7E23F9850900A83C6E /* Debug */ = {
			isa = XCBuildConfiguration;
			buildSettings = {
				ASSETCATALOG_COMPILER_APPICON_NAME = AppIcon;
				CODE_SIGN_STYLE = Automatic;
				DEVELOPMENT_ASSET_PATHS = "\"CountryCapitals/Preview Content\"";
				DEVELOPMENT_TEAM = FUA8MUZTUH;
				ENABLE_PREVIEWS = YES;
				INFOPLIST_FILE = CountryCapitals/Info.plist;
				LD_RUNPATH_SEARCH_PATHS = (
					"$(inherited)",
					"@executable_path/Frameworks",
				);
				PRODUCT_BUNDLE_IDENTIFIER = "ufookoro-me.com.CountryCapitals";
				PRODUCT_NAME = "$(TARGET_NAME)";
				SWIFT_VERSION = 5.0;
				TARGETED_DEVICE_FAMILY = "1,2";
			};
			name = Debug;
		};
		03552B7F23F9850900A83C6E /* Release */ = {
			isa = XCBuildConfiguration;
			buildSettings = {
				ASSETCATALOG_COMPILER_APPICON_NAME = AppIcon;
				CODE_SIGN_STYLE = Automatic;
				DEVELOPMENT_ASSET_PATHS = "\"CountryCapitals/Preview Content\"";
				DEVELOPMENT_TEAM = FUA8MUZTUH;
				ENABLE_PREVIEWS = YES;
				INFOPLIST_FILE = CountryCapitals/Info.plist;
				LD_RUNPATH_SEARCH_PATHS = (
					"$(inherited)",
					"@executable_path/Frameworks",
				);
				PRODUCT_BUNDLE_IDENTIFIER = "ufookoro-me.com.CountryCapitals";
				PRODUCT_NAME = "$(TARGET_NAME)";
				SWIFT_VERSION = 5.0;
				TARGETED_DEVICE_FAMILY = "1,2";
			};
			name = Release;
		};
/* End XCBuildConfiguration section */

/* Begin XCConfigurationList section */
		03552B6423F9850600A83C6E /* Build configuration list for PBXProject "CountryCapitals" */ = {
			isa = XCConfigurationList;
			buildConfigurations = (
				03552B7B23F9850900A83C6E /* Debug */,
				03552B7C23F9850900A83C6E /* Release */,
			);
			defaultConfigurationIsVisible = 0;
			defaultConfigurationName = Release;
		};
		03552B7D23F9850900A83C6E /* Build configuration list for PBXNativeTarget "CountryCapitals" */ = {
			isa = XCConfigurationList;
			buildConfigurations = (
				03552B7E23F9850900A83C6E /* Debug */,
				03552B7F23F9850900A83C6E /* Release */,
			);
			defaultConfigurationIsVisible = 0;
			defaultConfigurationName = Release;
		};
/* End XCConfigurationList section */
	};
	rootObject = 03552B6123F9850600A83C6E /* Project object */;
}
